
Microsoft Visual Studio Solution File, Format Version 12.00
# Visual Studio Version 17
VisualStudioVersion = 17.9.34728.123
MinimumVisualStudioVersion = 10.0.40219.1
Project("{FAE04EC0-301F-11D3-BF4B-00C04F79EFBC}") = "Gestion_Agricola", "Gestion_Agricola\Gestion_Agricola.csproj", "{3B433240-59B5-408C-A0CC-5DD57C8401B1}"
EndProject
Global
	GlobalSection(SolutionConfigurationPlatforms) = preSolution
		Debug|Any CPU = Debug|Any CPU
		Release|Any CPU = Release|Any CPU
	EndGlobalSection
	GlobalSection(ProjectConfigurationPlatforms) = postSolution
		{3B433240-59B5-408C-A0CC-5DD57C8401B1}.Debug|Any CPU.ActiveCfg = Debug|Any CPU
		{3B433240-59B5-408C-A0CC-5DD57C8401B1}.Debug|Any CPU.Build.0 = Debug|Any CPU
		{3B433240-59B5-408C-A0CC-5DD57C8401B1}.Release|Any CPU.ActiveCfg = Release|Any CPU
		{3B433240-59B5-408C-A0CC-5DD57C8401B1}.Release|Any CPU.Build.0 = Release|Any CPU
	EndGlobalSection
	GlobalSection(SolutionProperties) = preSolution
		HideSolutionNode = FALSE
	EndGlobalSection
	GlobalSection(ExtensibilityGlobals) = postSolution
		SolutionGuid = {5B244EC1-8507-4189-9887-F4C1A5A357E5}
	EndGlobalSection
EndGlobal
